
Microsoft Visual Studio Solution File, Format Version 12.00
# Visual Studio 14
VisualStudioVersion = 14.0.25420.1
MinimumVisualStudioVersion = 10.0.40219.1
Project("{FAE04EC0-301F-11D3-BF4B-00C04F79EFBC}") = "App1", "App1\App1.csproj", "{5D3077C4-43C5-4457-8A3D-D7FE222BA0ED}"
EndProject
Project("{FAE04EC0-301F-11D3-BF4B-00C04F79EFBC}") = "App2", "App2\App2.csproj", "{93DDF0E4-3DBB-48B7-9D2B-D44E34DC4449}"
EndProject
Project("{FAE04EC0-301F-11D3-BF4B-00C04F79EFBC}") = "ClassLibHeartbeat", "ClassLibHeartbeat\ClassLibHeartbeat.csproj", "{D17A209C-DC4A-45EE-BC56-B73509E21190}"
EndProject
Global
	GlobalSection(SolutionConfigurationPlatforms) = preSolution
		Debug|Any CPU = Debug|Any CPU
		Release|Any CPU = Release|Any CPU
	EndGlobalSection
	GlobalSection(ProjectConfigurationPlatforms) = postSolution
		{5D3077C4-43C5-4457-8A3D-D7FE222BA0ED}.Debug|Any CPU.ActiveCfg = Debug|Any CPU
		{5D3077C4-43C5-4457-8A3D-D7FE222BA0ED}.Debug|Any CPU.Build.0 = Debug|Any CPU
		{5D3077C4-43C5-4457-8A3D-D7FE222BA0ED}.Release|Any CPU.ActiveCfg = Release|Any CPU
		{5D3077C4-43C5-4457-8A3D-D7FE222BA0ED}.Release|Any CPU.Build.0 = Release|Any CPU
		{93DDF0E4-3DBB-48B7-9D2B-D44E34DC4449}.Debug|Any CPU.ActiveCfg = Debug|Any CPU
		{93DDF0E4-3DBB-48B7-9D2B-D44E34DC4449}.Debug|Any CPU.Build.0 = Debug|Any CPU
		{93DDF0E4-3DBB-48B7-9D2B-D44E34DC4449}.Release|Any CPU.ActiveCfg = Release|Any CPU
		{93DDF0E4-3DBB-48B7-9D2B-D44E34DC4449}.Release|Any CPU.Build.0 = Release|Any CPU
		{D17A209C-DC4A-45EE-BC56-B73509E21190}.Debug|Any CPU.ActiveCfg = Debug|Any CPU
		{D17A209C-DC4A-45EE-BC56-B73509E21190}.Debug|Any CPU.Build.0 = Debug|Any CPU
		{D17A209C-DC4A-45EE-BC56-B73509E21190}.Release|Any CPU.ActiveCfg = Release|Any CPU
		{D17A209C-DC4A-45EE-BC56-B73509E21190}.Release|Any CPU.Build.0 = Release|Any CPU
	EndGlobalSection
	GlobalSection(SolutionProperties) = preSolution
		HideSolutionNode = FALSE
	EndGlobalSection
EndGlobal
